#
# This file is autogenerated by pip-compile with Python 3.12
# by the following command:
#
#    pip-compile --allow-unsafe --output-file=requirements-dev.lock requirements-dev.txt
#
aiofiles==24.1.0
    # via gradio
aiohappyeyeballs==2.6.1
    # via aiohttp
aiohttp==3.12.14
    # via
    #   -r /workspace/AGI-Alpha-Agent-v0/alpha_factory_v1/requirements-core.txt
    #   -r requirements-dev.txt
    #   litellm
    #   papermill
aiosignal==1.4.0
    # via aiohttp
annotated-types==0.7.0
    # via pydantic
ansicolors==1.1.8
    # via papermill
anthropic==0.57.1
    # via -r /workspace/AGI-Alpha-Agent-v0/alpha_factory_v1/requirements-core.txt
anyio==4.9.0
    # via
    #   anthropic
    #   google-adk
    #   google-genai
    #   gradio
    #   httpx
    #   mcp
    #   openai
    #   sse-starlette
    #   starlette
    #   watchfiles
asttokens==3.0.0
    # via stack-data
attrs==25.3.0
    # via
    #   aiohttp
    #   hypothesis
    #   jsonschema
    #   referencing
authlib==1.6.0
    # via google-adk
backoff==2.2.1
    # via -r /workspace/AGI-Alpha-Agent-v0/alpha_factory_v1/requirements-core.txt
beautifulsoup4==4.13.4
    # via nbconvert
better-profanity==0.7.0
    # via -r /workspace/AGI-Alpha-Agent-v0/alpha_factory_v1/requirements-core.txt
bleach[css]==6.2.0
    # via nbconvert
blinker==1.9.0
    # via flask
brotli==1.1.0
    # via gradio
cachetools==5.5.2
    # via
    #   -r /workspace/AGI-Alpha-Agent-v0/alpha_factory_v1/requirements-core.txt
    #   google-auth
certifi==2025.7.14
    # via
    #   httpcore
    #   httpx
    #   requests
cffi==1.17.1
    # via cryptography
cfgv==3.4.0
    # via pre-commit
charset-normalizer==3.4.2
    # via requests
click==8.2.1
    # via
    #   -r /workspace/AGI-Alpha-Agent-v0/alpha_factory_v1/requirements-core.txt
    #   flask
    #   google-adk
    #   litellm
    #   papermill
    #   typer
    #   uvicorn
cloudpickle==3.1.1
    # via
    #   google-cloud-aiplatform
    #   gymnasium
colorama==0.4.6
    # via griffe
comm==0.2.2
    # via ipykernel
cryptography==45.0.5
    # via
    #   -r /workspace/AGI-Alpha-Agent-v0/alpha_factory_v1/requirements-core.txt
    #   authlib
debugpy==1.8.15
    # via ipykernel
decorator==5.2.1
    # via ipython
defusedxml==0.7.1
    # via nbconvert
distlib==0.3.9
    # via virtualenv
distro==1.9.0
    # via
    #   anthropic
    #   openai
docstring-parser==0.16
    # via google-cloud-aiplatform
entrypoints==0.4
    # via papermill
executing==2.2.0
    # via stack-data
farama-notifications==0.0.4
    # via gymnasium
fastapi==0.116.1
    # via
    #   -r /workspace/AGI-Alpha-Agent-v0/alpha_factory_v1/requirements-core.txt
    #   google-adk
    #   gradio
fastjsonschema==2.21.1
    # via nbformat
ffmpy==0.6.0
    # via gradio
filelock==3.18.0
    # via
    #   huggingface-hub
    #   virtualenv
flask==3.1.1
    # via -r /workspace/AGI-Alpha-Agent-v0/alpha_factory_v1/requirements-core.txt
frozenlist==1.7.0
    # via
    #   aiohttp
    #   aiosignal
fsspec==2025.7.0
    # via
    #   gradio-client
    #   huggingface-hub
gitdb==4.0.12
    # via gitpython
gitpython==3.1.44
    # via -r /workspace/AGI-Alpha-Agent-v0/alpha_factory_v1/requirements-core.txt
google-adk==1.6.1
    # via -r /workspace/AGI-Alpha-Agent-v0/alpha_factory_v1/requirements-core.txt
google-api-core[grpc]==2.25.1
    # via
    #   google-api-python-client
    #   google-cloud-aiplatform
    #   google-cloud-appengine-logging
    #   google-cloud-bigquery
    #   google-cloud-core
    #   google-cloud-logging
    #   google-cloud-resource-manager
    #   google-cloud-secret-manager
    #   google-cloud-speech
    #   google-cloud-storage
    #   google-cloud-trace
google-api-python-client==2.176.0
    # via google-adk
google-auth==2.40.3
    # via
    #   google-api-core
    #   google-api-python-client
    #   google-auth-httplib2
    #   google-cloud-aiplatform
    #   google-cloud-appengine-logging
    #   google-cloud-bigquery
    #   google-cloud-core
    #   google-cloud-logging
    #   google-cloud-resource-manager
    #   google-cloud-secret-manager
    #   google-cloud-speech
    #   google-cloud-storage
    #   google-cloud-trace
    #   google-genai
google-auth-httplib2==0.2.0
    # via google-api-python-client
google-cloud-aiplatform[agent-engines]==1.103.0
    # via google-adk
google-cloud-appengine-logging==1.6.2
    # via google-cloud-logging
google-cloud-audit-log==0.3.2
    # via google-cloud-logging
google-cloud-bigquery==3.34.0
    # via google-cloud-aiplatform
google-cloud-core==2.4.3
    # via
    #   google-cloud-bigquery
    #   google-cloud-logging
    #   google-cloud-storage
google-cloud-logging==3.12.1
    # via google-cloud-aiplatform
google-cloud-resource-manager==1.14.2
    # via google-cloud-aiplatform
google-cloud-secret-manager==2.24.0
    # via google-adk
google-cloud-speech==2.33.0
    # via google-adk
google-cloud-storage==2.19.0
    # via
    #   google-adk
    #   google-cloud-aiplatform
google-cloud-trace==1.16.2
    # via
    #   google-cloud-aiplatform
    #   opentelemetry-exporter-gcp-trace
google-crc32c==1.7.1
    # via
    #   google-cloud-storage
    #   google-resumable-media
google-genai==1.25.0
    # via
    #   google-adk
    #   google-cloud-aiplatform
google-resumable-media==2.7.2
    # via
    #   google-cloud-bigquery
    #   google-cloud-storage
googleapis-common-protos[grpc]==1.70.0
    # via
    #   google-api-core
    #   google-cloud-audit-log
    #   grpc-google-iam-v1
    #   grpcio-status
gradio==5.38.0
    # via -r requirements-dev.txt
gradio-client==1.11.0
    # via gradio
graphviz==0.21
    # via google-adk
greenlet==3.2.3
    # via
    #   playwright
    #   sqlalchemy
griffe==1.7.3
    # via openai-agents
groovy==0.1.2
    # via gradio
grpc-google-iam-v1==0.14.2
    # via
    #   google-cloud-logging
    #   google-cloud-resource-manager
    #   google-cloud-secret-manager
grpcio==1.73.1
    # via
    #   -r /workspace/AGI-Alpha-Agent-v0/alpha_factory_v1/requirements-core.txt
    #   google-api-core
    #   googleapis-common-protos
    #   grpc-google-iam-v1
    #   grpcio-status
    #   grpcio-tools
    #   qdrant-client
grpcio-status==1.73.1
    # via google-api-core
grpcio-tools==1.73.1
    # via
    #   -r /workspace/AGI-Alpha-Agent-v0/alpha_factory_v1/requirements-core.txt
    #   -r requirements-dev.txt
gunicorn==21.2.0
    # via -r /workspace/AGI-Alpha-Agent-v0/alpha_factory_v1/requirements-core.txt
gymnasium[classic-control]==1.2.0
    # via -r requirements-dev.txt
h11==0.16.0
    # via
    #   httpcore
    #   uvicorn
h2==4.2.0
    # via httpx
hf-xet==1.1.5
    # via huggingface-hub
hpack==4.1.0
    # via h2
httpcore==1.0.9
    # via httpx
httplib2==0.22.0
    # via
    #   google-api-python-client
    #   google-auth-httplib2
httptools==0.6.4
    # via uvicorn
httpx[http2]==0.28.1
    # via
    #   -r /workspace/AGI-Alpha-Agent-v0/alpha_factory_v1/requirements-core.txt
    #   anthropic
    #   google-genai
    #   gradio
    #   gradio-client
    #   litellm
    #   mcp
    #   openai
    #   pytest-httpx
    #   qdrant-client
    #   safehttpx
httpx-sse==0.4.1
    # via mcp
huggingface-hub==0.33.4
    # via
    #   gradio
    #   gradio-client
    #   tokenizers
hyperframe==6.1.0
    # via h2
hypothesis==6.135.31
    # via -r requirements-dev.txt
identify==2.6.12
    # via pre-commit
idna==3.10
    # via
    #   anyio
    #   httpx
    #   requests
    #   yarl
importlib-metadata==8.7.0
    # via
    #   litellm
    #   opentelemetry-api
iniconfig==2.1.0
    # via pytest
ipykernel==6.29.5
    # via -r requirements-dev.txt
ipython==9.4.0
    # via ipykernel
ipython-pygments-lexers==1.1.1
    # via ipython
itsdangerous==2.2.0
    # via flask
jedi==0.19.2
    # via ipython
jinja2==3.1.6
    # via
    #   flask
    #   gradio
    #   litellm
    #   nbconvert
jiter==0.10.0
    # via
    #   anthropic
    #   openai
jsonschema==4.24.0
    # via
    #   litellm
    #   mcp
    #   nbformat
jsonschema-specifications==2025.4.1
    # via jsonschema
jupyter-client==8.6.3
    # via
    #   ipykernel
    #   nbclient
jupyter-core==5.8.1
    # via
    #   -r requirements-dev.txt
    #   ipykernel
    #   jupyter-client
    #   nbclient
    #   nbconvert
    #   nbformat
jupyterlab-pygments==0.3.0
    # via nbconvert
litellm==1.74.3
    # via -r /workspace/AGI-Alpha-Agent-v0/alpha_factory_v1/requirements-core.txt
markdown-it-py==3.0.0
    # via rich
markupsafe==3.0.2
    # via
    #   flask
    #   gradio
    #   jinja2
    #   nbconvert
    #   werkzeug
matplotlib-inline==0.1.7
    # via
    #   ipykernel
    #   ipython
mcp==1.11.0
    # via
    #   google-adk
    #   openai-agents
mdurl==0.1.2
    # via markdown-it-py
mistune==3.1.3
    # via nbconvert
multidict==6.6.3
    # via
    #   aiohttp
    #   yarl
mypy==1.17.0
    # via -r requirements-dev.txt
mypy-extensions==1.1.0
    # via mypy
nbclient==0.10.2
    # via
    #   -r requirements-dev.txt
    #   nbconvert
    #   papermill
nbconvert==7.16.6
    # via -r requirements-dev.txt
nbformat==5.10.4
    # via
    #   -r requirements-dev.txt
    #   nbclient
    #   nbconvert
    #   papermill
nest-asyncio==1.6.0
    # via ipykernel
nodeenv==1.9.1
    # via pre-commit
numpy==2.3.1
    # via
    #   -r /workspace/AGI-Alpha-Agent-v0/alpha_factory_v1/requirements-core.txt
    #   gradio
    #   gymnasium
    #   pandas
    #   qdrant-client
    #   shapely
openai==1.96.1
    # via
    #   -r /workspace/AGI-Alpha-Agent-v0/alpha_factory_v1/requirements-core.txt
    #   litellm
    #   openai-agents
openai-agents==0.0.17
    # via -r /workspace/AGI-Alpha-Agent-v0/alpha_factory_v1/requirements-core.txt
opentelemetry-api==1.35.0
    # via
    #   -r /workspace/AGI-Alpha-Agent-v0/alpha_factory_v1/requirements-core.txt
    #   google-adk
    #   google-cloud-logging
    #   opentelemetry-exporter-gcp-trace
    #   opentelemetry-resourcedetector-gcp
    #   opentelemetry-sdk
    #   opentelemetry-semantic-conventions
opentelemetry-exporter-gcp-trace==1.9.0
    # via
    #   google-adk
    #   google-cloud-aiplatform
opentelemetry-resourcedetector-gcp==1.9.0a0
    # via opentelemetry-exporter-gcp-trace
opentelemetry-sdk==1.35.0
    # via
    #   -r /workspace/AGI-Alpha-Agent-v0/alpha_factory_v1/requirements-core.txt
    #   google-adk
    #   google-cloud-aiplatform
    #   opentelemetry-exporter-gcp-trace
    #   opentelemetry-resourcedetector-gcp
opentelemetry-semantic-conventions==0.56b0
    # via opentelemetry-sdk
orjson==3.11.0
    # via
    #   -r /workspace/AGI-Alpha-Agent-v0/alpha_factory_v1/requirements-core.txt
    #   gradio
packaging==25.0
    # via
    #   google-cloud-aiplatform
    #   google-cloud-bigquery
    #   gradio
    #   gradio-client
    #   gunicorn
    #   huggingface-hub
    #   ipykernel
    #   nbconvert
    #   pytest
pandas==2.3.1
    # via
    #   -r /workspace/AGI-Alpha-Agent-v0/alpha_factory_v1/requirements-core.txt
    #   gradio
pandocfilters==1.5.1
    # via nbconvert
papermill==2.6.0
    # via -r requirements-dev.txt
parso==0.8.4
    # via jedi
pathspec==0.12.1
    # via mypy
pexpect==4.9.0
    # via ipython
pillow==11.3.0
    # via gradio
platformdirs==4.3.8
    # via
    #   jupyter-core
    #   virtualenv
playwright==1.53.0
    # via -r /workspace/AGI-Alpha-Agent-v0/alpha_factory_v1/requirements-core.txt
pluggy==1.6.0
    # via pytest
portalocker==3.2.0
    # via qdrant-client
pre-commit==4.2.0
    # via -r requirements-dev.txt
prometheus-client==0.22.1
    # via -r /workspace/AGI-Alpha-Agent-v0/alpha_factory_v1/requirements-core.txt
prompt-toolkit==3.0.51
    # via ipython
propcache==0.3.2
    # via
    #   aiohttp
    #   yarl
proto-plus==1.26.1
    # via
    #   google-api-core
    #   google-cloud-aiplatform
    #   google-cloud-appengine-logging
    #   google-cloud-logging
    #   google-cloud-resource-manager
    #   google-cloud-secret-manager
    #   google-cloud-speech
    #   google-cloud-trace
protobuf==6.31.1
    # via
    #   -r /workspace/AGI-Alpha-Agent-v0/alpha_factory_v1/requirements-core.txt
    #   google-api-core
    #   google-cloud-aiplatform
    #   google-cloud-appengine-logging
    #   google-cloud-audit-log
    #   google-cloud-logging
    #   google-cloud-resource-manager
    #   google-cloud-secret-manager
    #   google-cloud-speech
    #   google-cloud-trace
    #   googleapis-common-protos
    #   grpc-google-iam-v1
    #   grpcio-status
    #   grpcio-tools
    #   proto-plus
    #   qdrant-client
psutil==7.0.0
    # via ipykernel
ptyprocess==0.7.0
    # via pexpect
pure-eval==0.2.3
    # via stack-data
py-cpuinfo==9.0.0
    # via pytest-benchmark
pyasn1==0.6.1
    # via
    #   pyasn1-modules
    #   rsa
pyasn1-modules==0.4.2
    # via google-auth
pycparser==2.22
    # via cffi
pydantic==2.11.7
    # via
    #   -r /workspace/AGI-Alpha-Agent-v0/alpha_factory_v1/requirements-core.txt
    #   anthropic
    #   fastapi
    #   google-adk
    #   google-cloud-aiplatform
    #   google-genai
    #   gradio
    #   litellm
    #   mcp
    #   openai
    #   openai-agents
    #   pydantic-settings
    #   qdrant-client
    #   redbird
    #   rocketry
pydantic-core==2.33.2
    # via pydantic
pydantic-settings==2.10.1
    # via
    #   -r /workspace/AGI-Alpha-Agent-v0/alpha_factory_v1/requirements-core.txt
    #   mcp
pydub==0.25.1
    # via gradio
pyee==13.0.0
    # via playwright
pygame==2.6.1
    # via gymnasium
pygments==2.19.2
    # via
    #   ipython
    #   ipython-pygments-lexers
    #   nbconvert
    #   pytest
    #   rich
pyparsing==3.2.3
    # via httplib2
pytest==8.4.1
    # via
    #   -r /workspace/AGI-Alpha-Agent-v0/alpha_factory_v1/requirements-core.txt
    #   pytest-benchmark
    #   pytest-httpx
pytest-benchmark==5.1.0
    # via -r requirements-dev.txt
pytest-httpx==0.35.0
    # via -r requirements-dev.txt
python-dateutil==2.9.0.post0
    # via
    #   google-adk
    #   google-cloud-bigquery
    #   jupyter-client
    #   pandas
    #   rocketry
python-dotenv==1.1.1
    # via
    #   -r /workspace/AGI-Alpha-Agent-v0/alpha_factory_v1/requirements-core.txt
    #   google-adk
    #   litellm
    #   pydantic-settings
    #   uvicorn
python-multipart==0.0.20
    # via
    #   gradio
    #   mcp
pytz==2025.2
    # via pandas
pyyaml==6.0.2
    # via
    #   -r /workspace/AGI-Alpha-Agent-v0/alpha_factory_v1/requirements-core.txt
    #   google-adk
    #   gradio
    #   huggingface-hub
    #   papermill
    #   pre-commit
    #   uvicorn
pyzmq==27.0.0
    # via
    #   ipykernel
    #   jupyter-client
qdrant-client==1.15.0
    # via -r requirements-dev.txt
redbird==0.7.1
    # via rocketry
referencing==0.36.2
    # via
    #   jsonschema
    #   jsonschema-specifications
regex==2024.11.6
    # via tiktoken
requests==2.32.4
    # via
    #   -r /workspace/AGI-Alpha-Agent-v0/alpha_factory_v1/requirements-core.txt
    #   google-adk
    #   google-api-core
    #   google-cloud-bigquery
    #   google-cloud-storage
    #   google-genai
    #   huggingface-hub
    #   openai-agents
    #   opentelemetry-resourcedetector-gcp
    #   papermill
    #   requests-mock
    #   tiktoken
requests-mock==1.12.1
    # via -r requirements-dev.txt
rich==14.0.0
    # via
    #   -r /workspace/AGI-Alpha-Agent-v0/alpha_factory_v1/requirements-core.txt
    #   typer
rocketry==2.5.1
    # via -r /workspace/AGI-Alpha-Agent-v0/alpha_factory_v1/requirements-core.txt
rpds-py==0.26.0
    # via
    #   jsonschema
    #   referencing
rsa==4.9.1
    # via google-auth
ruff==0.12.3
    # via
    #   -r requirements-dev.txt
    #   gradio
safehttpx==0.1.6
    # via gradio
semantic-version==2.10.0
    # via gradio
shapely==2.1.1
    # via google-cloud-aiplatform
shellingham==1.5.4
    # via typer
six==1.17.0
    # via python-dateutil
smmap==5.0.2
    # via gitdb
sniffio==1.3.1
    # via
    #   anthropic
    #   anyio
    #   openai
sortedcontainers==2.4.0
    # via hypothesis
soupsieve==2.7
    # via beautifulsoup4
sqlalchemy==2.0.41
    # via google-adk
sse-starlette==2.4.1
    # via mcp
stack-data==0.6.3
    # via ipython
starlette==0.47.1
    # via
    #   fastapi
    #   google-adk
    #   gradio
    #   mcp
tenacity==8.5.0
    # via
    #   google-adk
    #   google-genai
    #   papermill
tiktoken==0.9.0
    # via
    #   -r /workspace/AGI-Alpha-Agent-v0/alpha_factory_v1/requirements-core.txt
    #   litellm
tinycss2==1.4.0
    # via bleach
tokenizers==0.21.2
    # via litellm
tomlkit==0.13.3
    # via gradio
tornado==6.5.1
    # via
    #   ipykernel
    #   jupyter-client
tqdm==4.67.1
    # via
    #   -r /workspace/AGI-Alpha-Agent-v0/alpha_factory_v1/requirements-core.txt
    #   huggingface-hub
    #   openai
    #   papermill
traitlets==5.14.3
    # via
    #   comm
    #   ipykernel
    #   ipython
    #   jupyter-client
    #   jupyter-core
    #   matplotlib-inline
    #   nbclient
    #   nbconvert
    #   nbformat
typer==0.16.0
    # via gradio
types-pyyaml==6.0.12.20250516
    # via -r requirements-dev.txt
types-requests==2.32.4.20250611
    # via
    #   -r requirements-dev.txt
    #   openai-agents
typing-extensions==4.14.1
    # via
    #   aiosignal
    #   anthropic
    #   anyio
    #   beautifulsoup4
    #   fastapi
    #   google-adk
    #   google-cloud-aiplatform
    #   google-genai
    #   gradio
    #   gradio-client
    #   gymnasium
    #   huggingface-hub
    #   mypy
    #   openai
    #   openai-agents
    #   opentelemetry-api
    #   opentelemetry-resourcedetector-gcp
    #   opentelemetry-sdk
    #   opentelemetry-semantic-conventions
    #   pydantic
    #   pydantic-core
    #   pyee
    #   redbird
    #   referencing
    #   sqlalchemy
    #   starlette
    #   typer
    #   typing-inspection
typing-inspection==0.4.1
    # via
    #   pydantic
    #   pydantic-settings
tzdata==2025.2
    # via pandas
tzlocal==5.3.1
    # via google-adk
uritemplate==4.2.0
    # via google-api-python-client
urllib3==2.5.0
    # via
    #   qdrant-client
    #   requests
    #   types-requests
uvicorn[standard]==0.35.0
    # via
    #   -r /workspace/AGI-Alpha-Agent-v0/alpha_factory_v1/requirements-core.txt
    #   google-adk
    #   gradio
    #   mcp
uvloop==0.21.0
    # via uvicorn
virtualenv==20.31.2
    # via pre-commit
watchdog==6.0.0
    # via google-adk
watchfiles==1.1.0
    # via uvicorn
wcwidth==0.2.13
    # via prompt-toolkit
webencodings==0.5.1
    # via
    #   bleach
    #   tinycss2
websockets==15.0.1
    # via
    #   -r /workspace/AGI-Alpha-Agent-v0/alpha_factory_v1/requirements-core.txt
    #   google-adk
    #   google-genai
    #   gradio-client
    #   uvicorn
werkzeug==3.1.3
    # via flask
yarl==1.20.1
    # via aiohttp
zipp==3.23.0
    # via importlib-metadata

# The following packages are considered to be unsafe in a requirements file:
setuptools==80.9.0
    # via grpcio-tools
